
Microsoft Visual Studio Solution File, Format Version 12.00
# Visual Studio Version 17
VisualStudioVersion = 17.7.34024.191
MinimumVisualStudioVersion = 10.0.40219.1
Project("{9A19103F-16F7-4668-BE54-9A1E7A4F7556}") = "Alice.Dialogs.Anegdots", "Alice.Dialogs.Anegdots\Alice.Dialogs.Anegdots.csproj", "{54145500-5305-49A3-8B6D-8FD79FFD8972}"
EndProject
Project("{9A19103F-16F7-4668-BE54-9A1E7A4F7556}") = "Alice.Dialogs.Anegdots.Repository", "Alice.Dialogs.Anegdots.Repository\Alice.Dialogs.Anegdots.Repository.csproj", "{F4F85487-3D05-4CAD-B2AF-9ED4EF774552}"
EndProject
Project("{9A19103F-16F7-4668-BE54-9A1E7A4F7556}") = "Alice.Dialogs.Utils", "Alice.Dialogs.Utils\Alice.Dialogs.Utils.csproj", "{B8B1972C-F027-4A31-A08C-BFCF0811D6B7}"
EndProject
Project("{2150E333-8FDC-42A3-9474-1A3956D46DE8}") = "Solution Items", "Solution Items", "{E3CF8ECB-8693-41C8-BE5E-8698FB8648AB}"
	ProjectSection(SolutionItems) = preProject
		README.md = README.md
	EndProjectSection
EndProject
Global
	GlobalSection(SolutionConfigurationPlatforms) = preSolution
		Debug|Any CPU = Debug|Any CPU
		Release|Any CPU = Release|Any CPU
	EndGlobalSection
	GlobalSection(ProjectConfigurationPlatforms) = postSolution
		{54145500-5305-49A3-8B6D-8FD79FFD8972}.Debug|Any CPU.ActiveCfg = Debug|Any CPU
		{54145500-5305-49A3-8B6D-8FD79FFD8972}.Debug|Any CPU.Build.0 = Debug|Any CPU
		{54145500-5305-49A3-8B6D-8FD79FFD8972}.Release|Any CPU.ActiveCfg = Release|Any CPU
		{54145500-5305-49A3-8B6D-8FD79FFD8972}.Release|Any CPU.Build.0 = Release|Any CPU
		{F4F85487-3D05-4CAD-B2AF-9ED4EF774552}.Debug|Any CPU.ActiveCfg = Debug|Any CPU
		{F4F85487-3D05-4CAD-B2AF-9ED4EF774552}.Debug|Any CPU.Build.0 = Debug|Any CPU
		{F4F85487-3D05-4CAD-B2AF-9ED4EF774552}.Release|Any CPU.ActiveCfg = Release|Any CPU
		{F4F85487-3D05-4CAD-B2AF-9ED4EF774552}.Release|Any CPU.Build.0 = Release|Any CPU
		{B8B1972C-F027-4A31-A08C-BFCF0811D6B7}.Debug|Any CPU.ActiveCfg = Debug|Any CPU
		{B8B1972C-F027-4A31-A08C-BFCF0811D6B7}.Debug|Any CPU.Build.0 = Debug|Any CPU
		{B8B1972C-F027-4A31-A08C-BFCF0811D6B7}.Release|Any CPU.ActiveCfg = Release|Any CPU
		{B8B1972C-F027-4A31-A08C-BFCF0811D6B7}.Release|Any CPU.Build.0 = Release|Any CPU
	EndGlobalSection
	GlobalSection(SolutionProperties) = preSolution
		HideSolutionNode = FALSE
	EndGlobalSection
	GlobalSection(ExtensibilityGlobals) = postSolution
		SolutionGuid = {88C8121B-595C-44CC-A1A8-6C8141F5A3B8}
	EndGlobalSection
EndGlobal
